# THIS IS AN AUTOGENERATED FILE. DO NOT EDIT THIS FILE DIRECTLY.
# yarn lockfile v1


"@braintree/sanitize-url@^6.0.0":
  version "6.0.2"
  resolved "https://registry.yarnpkg.com/@braintree/sanitize-url/-/sanitize-url-6.0.2.tgz#6110f918d273fe2af8ea1c4398a88774bb9fc12f"

JSONStream@^1.0.7:
  version "1.3.5"
  resolved "https://registry.npmjs.org/JSONStream/-/JSONStream-1.3.5.tgz"
  dependencies:
    jsonparse "^1.2.0"
    through ">=2.2.7 <3"

a-sync-waterfall@^1.0.0:
  version "1.0.1"
  resolved "https://registry.npmjs.org/a-sync-waterfall/-/a-sync-waterfall-1.0.1.tgz"

abbrev@^1.1.1:
  version "1.1.1"
  resolved "https://registry.npmjs.org/abbrev/-/abbrev-1.1.1.tgz"

accepts@~1.3.5:
  version "1.3.7"
  resolved "https://registry.npmjs.org/accepts/-/accepts-1.3.7.tgz"
  dependencies:
    mime-types "~2.1.24"
    negotiator "0.6.2"

amdefine@>=0.0.4:
  version "1.0.1"
  resolved "https://registry.npmjs.org/amdefine/-/amdefine-1.0.1.tgz"

ansi-regex@^5.0.0:
  version "5.0.0"
  resolved "https://registry.npmjs.org/ansi-regex/-/ansi-regex-5.0.0.tgz"

ansi-styles@^4.1.0:
  version "4.3.0"
  resolved "https://registry.npmjs.org/ansi-styles/-/ansi-styles-4.3.0.tgz"
  dependencies:
    color-convert "^2.0.1"

anymatch@~3.1.1:
  version "3.1.2"
  resolved "https://registry.npmjs.org/anymatch/-/anymatch-3.1.2.tgz"
  dependencies:
    normalize-path "^3.0.0"
    picomatch "^2.0.4"

archy@^1.0.0:
  version "1.0.0"
  resolved "https://registry.npmjs.org/archy/-/archy-1.0.0.tgz"

argparse@^1.0.7:
  version "1.0.10"
  resolved "https://registry.npmjs.org/argparse/-/argparse-1.0.10.tgz"
  dependencies:
    sprintf-js "~1.0.2"

argparse@^2.0.1:
  version "2.0.1"
  resolved "https://registry.npmjs.org/argparse/-/argparse-2.0.1.tgz"

asap@^2.0.3:
  version "2.0.6"
  resolved "https://registry.npmjs.org/asap/-/asap-2.0.6.tgz"

atob@^2.1.2:
  version "2.1.2"
  resolved "https://registry.npmjs.org/atob/-/atob-2.1.2.tgz"

balanced-match@^1.0.0:
  version "1.0.2"
  resolved "https://registry.npmjs.org/balanced-match/-/balanced-match-1.0.2.tgz"

basic-auth@~2.0.1:
  version "2.0.1"
  resolved "https://registry.npmjs.org/basic-auth/-/basic-auth-2.0.1.tgz"
  dependencies:
    safe-buffer "5.1.2"

binary-extensions@^2.0.0:
  version "2.2.0"
  resolved "https://registry.npmjs.org/binary-extensions/-/binary-extensions-2.2.0.tgz"

bluebird@^3.2.2, bluebird@^3.4.0, bluebird@^3.5.1, bluebird@^3.5.2, bluebird@^3.5.5:
  version "3.7.2"
  resolved "https://registry.npmjs.org/bluebird/-/bluebird-3.7.2.tgz"

brace-expansion@^1.1.7:
  version "1.1.11"
  resolved "https://registry.npmjs.org/brace-expansion/-/brace-expansion-1.1.11.tgz"
  dependencies:
    balanced-match "^1.0.0"
    concat-map "0.0.1"

braces@^3.0.1, braces@~3.0.2:
  version "3.0.2"
  resolved "https://registry.npmjs.org/braces/-/braces-3.0.2.tgz"
  dependencies:
    fill-range "^7.0.1"

bytes@3.0.0:
  version "3.0.0"
  resolved "https://registry.npmjs.org/bytes/-/bytes-3.0.0.tgz"

camel-case@^3.0.0:
  version "3.0.0"
  resolved "https://registry.npmjs.org/camel-case/-/camel-case-3.0.0.tgz"
  dependencies:
    no-case "^2.2.0"
    upper-case "^1.1.1"

camel-case@^4.0.0:
  version "4.1.2"
  resolved "https://registry.npmjs.org/camel-case/-/camel-case-4.1.2.tgz"
  dependencies:
    pascal-case "^3.1.2"
    tslib "^2.0.3"

chalk@^4.0.0:
  version "4.1.1"
  resolved "https://registry.npmjs.org/chalk/-/chalk-4.1.1.tgz"
  dependencies:
    ansi-styles "^4.1.0"
    supports-color "^7.1.0"

chokidar@^3.0.0:
  version "3.5.1"
  resolved "https://registry.npmjs.org/chokidar/-/chokidar-3.5.1.tgz"
  dependencies:
    anymatch "~3.1.1"
    braces "~3.0.2"
    glob-parent "~5.1.0"
    is-binary-path "~2.1.0"
    is-glob "~4.0.1"
    normalize-path "~3.0.0"
    readdirp "~3.5.0"
  optionalDependencies:
    fsevents "~2.3.1"

clipboard@^2.0.0:
  version "2.0.8"
  resolved "https://registry.npmjs.org/clipboard/-/clipboard-2.0.8.tgz"
  dependencies:
    good-listener "^1.2.2"
    select "^1.1.2"
    tiny-emitter "^2.0.0"

color-convert@^2.0.1:
  version "2.0.1"
  resolved "https://registry.npmjs.org/color-convert/-/color-convert-2.0.1.tgz"
  dependencies:
    color-name "~1.1.4"

color-name@~1.1.4:
  version "1.1.4"
  resolved "https://registry.npmjs.org/color-name/-/color-name-1.1.4.tgz"

command-exists@^1.2.8:
  version "1.2.9"
  resolved "https://registry.npmjs.org/command-exists/-/command-exists-1.2.9.tgz"

commander@7:
  version "7.2.0"
  resolved "https://registry.yarnpkg.com/commander/-/commander-7.2.0.tgz#a36cb57d0b501ce108e4d20559a150a391d97ab7"

commander@^5.1.0:
  version "5.1.0"
  resolved "https://registry.npmjs.org/commander/-/commander-5.1.0.tgz"

compressible@~2.0.16:
  version "2.0.18"
  resolved "https://registry.npmjs.org/compressible/-/compressible-2.0.18.tgz"
  dependencies:
    mime-db ">= 1.43.0 < 2"

compression@^1.7.4:
  version "1.7.4"
  resolved "https://registry.npmjs.org/compression/-/compression-1.7.4.tgz"
  dependencies:
    accepts "~1.3.5"
    bytes "3.0.0"
    compressible "~2.0.16"
    debug "2.6.9"
    on-headers "~1.0.2"
    safe-buffer "5.1.2"
    vary "~1.1.2"

concat-map@0.0.1:
  version "0.0.1"
  resolved "https://registry.npmjs.org/concat-map/-/concat-map-0.0.1.tgz"

connect@^3.7.0:
  version "3.7.0"
  resolved "https://registry.npmjs.org/connect/-/connect-3.7.0.tgz"
  dependencies:
    debug "2.6.9"
    finalhandler "1.1.2"
    parseurl "~1.3.3"
    utils-merge "1.0.1"

cose-base@^1.0.0:
  version "1.0.3"
  resolved "https://registry.yarnpkg.com/cose-base/-/cose-base-1.0.3.tgz#650334b41b869578a543358b80cda7e0abe0a60a"
  dependencies:
    layout-base "^1.0.0"

cose-base@^2.2.0:
  version "2.2.0"
  resolved "https://registry.yarnpkg.com/cose-base/-/cose-base-2.2.0.tgz#1c395c35b6e10bb83f9769ca8b817d614add5c01"
  dependencies:
    layout-base "^2.0.0"

cross-spawn@^4.0.0:
  version "4.0.2"
  resolved "https://registry.npmjs.org/cross-spawn/-/cross-spawn-4.0.2.tgz"
  dependencies:
    lru-cache "^4.0.1"
    which "^1.2.9"

cross-spawn@^7.0.0:
  version "7.0.3"
  resolved "https://registry.npmjs.org/cross-spawn/-/cross-spawn-7.0.3.tgz"
  dependencies:
    path-key "^3.1.0"
    shebang-command "^2.0.0"
    which "^2.0.1"

css-parse@1.7.x:
  version "1.7.0"
  resolved "https://registry.npmjs.org/css-parse/-/css-parse-1.7.0.tgz"

css-parse@~2.0.0:
  version "2.0.0"
  resolved "https://registry.npmjs.org/css-parse/-/css-parse-2.0.0.tgz"
  dependencies:
    css "^2.0.0"

css@^2.0.0:
  version "2.2.4"
  resolved "https://registry.npmjs.org/css/-/css-2.2.4.tgz"
  dependencies:
    inherits "^2.0.3"
    source-map "^0.6.1"
    source-map-resolve "^0.5.2"
    urix "^0.1.0"

cuid@^2.1.4:
  version "2.1.8"
  resolved "https://registry.npmjs.org/cuid/-/cuid-2.1.8.tgz"

cytoscape-cose-bilkent@^4.1.0:
  version "4.1.0"
  resolved "https://registry.yarnpkg.com/cytoscape-cose-bilkent/-/cytoscape-cose-bilkent-4.1.0.tgz#762fa121df9930ffeb51a495d87917c570ac209b"
  dependencies:
    cose-base "^1.0.0"

cytoscape-fcose@^2.1.0:
  version "2.2.0"
  resolved "https://registry.yarnpkg.com/cytoscape-fcose/-/cytoscape-fcose-2.2.0.tgz#e4d6f6490df4fab58ae9cea9e5c3ab8d7472f471"
  dependencies:
    cose-base "^2.2.0"

cytoscape@^3.23.0:
  version "3.23.0"
  resolved "https://registry.yarnpkg.com/cytoscape/-/cytoscape-3.23.0.tgz#054ee05a6d0aa3b4f139382bbf2f4e5226df3c6d"
  dependencies:
    heap "^0.2.6"
    lodash "^4.17.21"

"d3-array@2 - 3", "d3-array@2.10.0 - 3", "d3-array@2.5.0 - 3", d3-array@3, d3-array@^3.2.0:
  version "3.2.2"
  resolved "https://registry.yarnpkg.com/d3-array/-/d3-array-3.2.2.tgz#f8ac4705c5b06914a7e0025bbf8d5f1513f6a86e"
  dependencies:
    internmap "1 - 2"

d3-axis@3:
  version "3.0.0"
  resolved "https://registry.yarnpkg.com/d3-axis/-/d3-axis-3.0.0.tgz#c42a4a13e8131d637b745fc2973824cfeaf93322"

d3-brush@3:
  version "3.0.0"
  resolved "https://registry.yarnpkg.com/d3-brush/-/d3-brush-3.0.0.tgz#6f767c4ed8dcb79de7ede3e1c0f89e63ef64d31c"
  dependencies:
    d3-dispatch "1 - 3"
    d3-drag "2 - 3"
    d3-interpolate "1 - 3"
    d3-selection "3"
    d3-transition "3"

d3-chord@3:
  version "3.0.1"
  resolved "https://registry.yarnpkg.com/d3-chord/-/d3-chord-3.0.1.tgz#d156d61f485fce8327e6abf339cb41d8cbba6966"
  dependencies:
    d3-path "1 - 3"

"d3-color@1 - 3", d3-color@3:
  version "3.1.0"
  resolved "https://registry.yarnpkg.com/d3-color/-/d3-color-3.1.0.tgz#395b2833dfac71507f12ac2f7af23bf819de24e2"

d3-contour@4:
  version "4.0.2"
  resolved "https://registry.yarnpkg.com/d3-contour/-/d3-contour-4.0.2.tgz#bb92063bc8c5663acb2422f99c73cbb6c6ae3bcc"
  dependencies:
    d3-array "^3.2.0"

d3-delaunay@6:
  version "6.0.2"
  resolved "https://registry.yarnpkg.com/d3-delaunay/-/d3-delaunay-6.0.2.tgz#7fd3717ad0eade2fc9939f4260acfb503f984e92"
  dependencies:
    delaunator "5"

"d3-dispatch@1 - 3", d3-dispatch@3:
  version "3.0.1"
  resolved "https://registry.yarnpkg.com/d3-dispatch/-/d3-dispatch-3.0.1.tgz#5fc75284e9c2375c36c839411a0cf550cbfc4d5e"

"d3-drag@2 - 3", d3-drag@3:
  version "3.0.0"
  resolved "https://registry.yarnpkg.com/d3-drag/-/d3-drag-3.0.0.tgz#994aae9cd23c719f53b5e10e3a0a6108c69607ba"
  dependencies:
    d3-dispatch "1 - 3"
    d3-selection "3"

"d3-dsv@1 - 3", d3-dsv@3:
  version "3.0.1"
  resolved "https://registry.yarnpkg.com/d3-dsv/-/d3-dsv-3.0.1.tgz#c63af978f4d6a0d084a52a673922be2160789b73"
  dependencies:
    commander "7"
    iconv-lite "0.6"
    rw "1"

"d3-ease@1 - 3", d3-ease@3:
  version "3.0.1"
  resolved "https://registry.yarnpkg.com/d3-ease/-/d3-ease-3.0.1.tgz#9658ac38a2140d59d346160f1f6c30fda0bd12f4"

d3-fetch@3:
  version "3.0.1"
  resolved "https://registry.yarnpkg.com/d3-fetch/-/d3-fetch-3.0.1.tgz#83141bff9856a0edb5e38de89cdcfe63d0a60a22"
  dependencies:
    d3-dsv "1 - 3"

d3-force@3:
  version "3.0.0"
  resolved "https://registry.yarnpkg.com/d3-force/-/d3-force-3.0.0.tgz#3e2ba1a61e70888fe3d9194e30d6d14eece155c4"
  dependencies:
    d3-dispatch "1 - 3"
    d3-quadtree "1 - 3"
    d3-timer "1 - 3"

"d3-format@1 - 3", d3-format@3:
  version "3.1.0"
  resolved "https://registry.yarnpkg.com/d3-format/-/d3-format-3.1.0.tgz#9260e23a28ea5cb109e93b21a06e24e2ebd55641"

d3-geo@3:
  version "3.1.0"
  resolved "https://registry.yarnpkg.com/d3-geo/-/d3-geo-3.1.0.tgz#74fd54e1f4cebd5185ac2039217a98d39b0a4c0e"
  dependencies:
    d3-array "2.5.0 - 3"

d3-hierarchy@3:
  version "3.1.2"
  resolved "https://registry.yarnpkg.com/d3-hierarchy/-/d3-hierarchy-3.1.2.tgz#b01cd42c1eed3d46db77a5966cf726f8c09160c6"

"d3-interpolate@1 - 3", "d3-interpolate@1.2.0 - 3", d3-interpolate@3:
  version "3.0.1"
  resolved "https://registry.yarnpkg.com/d3-interpolate/-/d3-interpolate-3.0.1.tgz#3c47aa5b32c5b3dfb56ef3fd4342078a632b400d"
  dependencies:
    d3-color "1 - 3"

"d3-path@1 - 3", d3-path@3, d3-path@^3.1.0:
  version "3.1.0"
  resolved "https://registry.yarnpkg.com/d3-path/-/d3-path-3.1.0.tgz#22df939032fb5a71ae8b1800d61ddb7851c42526"

d3-polygon@3:
  version "3.0.1"
  resolved "https://registry.yarnpkg.com/d3-polygon/-/d3-polygon-3.0.1.tgz#0b45d3dd1c48a29c8e057e6135693ec80bf16398"

"d3-quadtree@1 - 3", d3-quadtree@3:
  version "3.0.1"
  resolved "https://registry.yarnpkg.com/d3-quadtree/-/d3-quadtree-3.0.1.tgz#6dca3e8be2b393c9a9d514dabbd80a92deef1a4f"

d3-random@3:
  version "3.0.1"
  resolved "https://registry.yarnpkg.com/d3-random/-/d3-random-3.0.1.tgz#d4926378d333d9c0bfd1e6fa0194d30aebaa20f4"

d3-scale-chromatic@3:
  version "3.0.0"
  resolved "https://registry.yarnpkg.com/d3-scale-chromatic/-/d3-scale-chromatic-3.0.0.tgz#15b4ceb8ca2bb0dcb6d1a641ee03d59c3b62376a"
  dependencies:
    d3-color "1 - 3"
    d3-interpolate "1 - 3"

d3-scale@4:
  version "4.0.2"
  resolved "https://registry.yarnpkg.com/d3-scale/-/d3-scale-4.0.2.tgz#82b38e8e8ff7080764f8dcec77bd4be393689396"
  dependencies:
    d3-array "2.10.0 - 3"
    d3-format "1 - 3"
    d3-interpolate "1.2.0 - 3"
    d3-time "2.1.1 - 3"
    d3-time-format "2 - 4"

"d3-selection@2 - 3", d3-selection@3:
  version "3.0.0"
  resolved "https://registry.yarnpkg.com/d3-selection/-/d3-selection-3.0.0.tgz#c25338207efa72cc5b9bd1458a1a41901f1e1b31"

d3-shape@3:
  version "3.2.0"
  resolved "https://registry.yarnpkg.com/d3-shape/-/d3-shape-3.2.0.tgz#a1a839cbd9ba45f28674c69d7f855bcf91dfc6a5"
  dependencies:
    d3-path "^3.1.0"

"d3-time-format@2 - 4", d3-time-format@4:
  version "4.1.0"
  resolved "https://registry.yarnpkg.com/d3-time-format/-/d3-time-format-4.1.0.tgz#7ab5257a5041d11ecb4fe70a5c7d16a195bb408a"
  dependencies:
    d3-time "1 - 3"

"d3-time@1 - 3", "d3-time@2.1.1 - 3", d3-time@3:
  version "3.1.0"
  resolved "https://registry.yarnpkg.com/d3-time/-/d3-time-3.1.0.tgz#9310db56e992e3c0175e1ef385e545e48a9bb5c7"
  dependencies:
    d3-array "2 - 3"

"d3-timer@1 - 3", d3-timer@3:
  version "3.0.1"
  resolved "https://registry.yarnpkg.com/d3-timer/-/d3-timer-3.0.1.tgz#6284d2a2708285b1abb7e201eda4380af35e63b0"

"d3-transition@2 - 3", d3-transition@3:
  version "3.0.1"
  resolved "https://registry.yarnpkg.com/d3-transition/-/d3-transition-3.0.1.tgz#6869fdde1448868077fdd5989200cb61b2a1645f"
  dependencies:
    d3-color "1 - 3"
    d3-dispatch "1 - 3"
    d3-ease "1 - 3"
    d3-interpolate "1 - 3"
    d3-timer "1 - 3"

d3-zoom@3:
  version "3.0.0"
  resolved "https://registry.yarnpkg.com/d3-zoom/-/d3-zoom-3.0.0.tgz#d13f4165c73217ffeaa54295cd6969b3e7aee8f3"
  dependencies:
    d3-dispatch "1 - 3"
    d3-drag "2 - 3"
    d3-interpolate "1 - 3"
    d3-selection "2 - 3"
    d3-transition "2 - 3"

d3@^7.4.0, d3@^7.8.2:
  version "7.8.2"
  resolved "https://registry.yarnpkg.com/d3/-/d3-7.8.2.tgz#2bdb3c178d095ae03b107a18837ae049838e372d"
  dependencies:
    d3-array "3"
    d3-axis "3"
    d3-brush "3"
    d3-chord "3"
    d3-color "3"
    d3-contour "4"
    d3-delaunay "6"
    d3-dispatch "3"
    d3-drag "3"
    d3-dsv "3"
    d3-ease "3"
    d3-fetch "3"
    d3-force "3"
    d3-format "3"
    d3-geo "3"
    d3-hierarchy "3"
    d3-interpolate "3"
    d3-path "3"
    d3-polygon "3"
    d3-quadtree "3"
    d3-random "3"
    d3-scale "4"
    d3-scale-chromatic "3"
    d3-selection "3"
    d3-shape "3"
    d3-time "3"
    d3-time-format "4"
    d3-timer "3"
    d3-transition "3"
    d3-zoom "3"

dagre-d3-es@7.0.8:
  version "7.0.8"
  resolved "https://registry.yarnpkg.com/dagre-d3-es/-/dagre-d3-es-7.0.8.tgz#14c309c3c08ba8329a7cf51000bd56a369c513d1"
  dependencies:
    d3 "^7.8.2"
    lodash-es "^4.17.21"

debug@*, debug@2.6.9:
  version "2.6.9"
  resolved "https://registry.npmjs.org/debug/-/debug-2.6.9.tgz"
  dependencies:
    ms "2.0.0"

debug@~3.1.0:
  version "3.1.0"
  resolved "https://registry.npmjs.org/debug/-/debug-3.1.0.tgz"
  dependencies:
    ms "2.0.0"

decode-uri-component@^0.2.0:
  version "0.2.0"
  resolved "https://registry.npmjs.org/decode-uri-component/-/decode-uri-component-0.2.0.tgz"

deep-assign@^2.0.0:
  version "2.0.0"
  resolved "https://registry.npmjs.org/deep-assign/-/deep-assign-2.0.0.tgz"
  dependencies:
    is-obj "^1.0.0"

deepmerge@^4.2.2:
  version "4.2.2"
  resolved "https://registry.npmjs.org/deepmerge/-/deepmerge-4.2.2.tgz"

delaunator@5:
  version "5.0.0"
  resolved "https://registry.yarnpkg.com/delaunator/-/delaunator-5.0.0.tgz#60f052b28bd91c9b4566850ebf7756efe821d81b"
  dependencies:
    robust-predicates "^3.0.0"

delegate@^3.1.2:
  version "3.2.0"
  resolved "https://registry.npmjs.org/delegate/-/delegate-3.2.0.tgz"

depd@~1.1.2:
  version "1.1.2"
  resolved "https://registry.npmjs.org/depd/-/depd-1.1.2.tgz"

depd@~2.0.0:
  version "2.0.0"
  resolved "https://registry.npmjs.org/depd/-/depd-2.0.0.tgz"

destroy@~1.0.4:
  version "1.0.4"
  resolved "https://registry.npmjs.org/destroy/-/destroy-1.0.4.tgz"

dom-serializer@^1.0.1:
  version "1.3.1"
  resolved "https://registry.npmjs.org/dom-serializer/-/dom-serializer-1.3.1.tgz"
  dependencies:
    domelementtype "^2.0.1"
    domhandler "^4.0.0"
    entities "^2.0.0"

domelementtype@^2.0.1, domelementtype@^2.2.0:
  version "2.2.0"
  resolved "https://registry.npmjs.org/domelementtype/-/domelementtype-2.2.0.tgz"

domhandler@^4.0.0, domhandler@^4.2.0:
  version "4.2.0"
  resolved "https://registry.npmjs.org/domhandler/-/domhandler-4.2.0.tgz"
  dependencies:
    domelementtype "^2.2.0"

dompurify@2.4.3:
  version "2.4.3"
  resolved "https://registry.yarnpkg.com/dompurify/-/dompurify-2.4.3.tgz#f4133af0e6a50297fc8874e2eaedc13a3c308c03"

domutils@^2.5.2:
  version "2.6.0"
  resolved "https://registry.npmjs.org/domutils/-/domutils-2.6.0.tgz"
  dependencies:
    dom-serializer "^1.0.1"
    domelementtype "^2.2.0"
    domhandler "^4.2.0"

ee-first@1.1.1:
  version "1.1.1"
  resolved "https://registry.npmjs.org/ee-first/-/ee-first-1.1.1.tgz"

ejs@^1.0.0:
  version "1.0.0"
  resolved "https://registry.npmjs.org/ejs/-/ejs-1.0.0.tgz"

ejs@^2.6.1:
  version "2.7.4"
  resolved "https://registry.npmjs.org/ejs/-/ejs-2.7.4.tgz"

elkjs@^0.8.2:
  version "0.8.2"
  resolved "https://registry.yarnpkg.com/elkjs/-/elkjs-0.8.2.tgz#c37763c5a3e24e042e318455e0147c912a7c248e"

encodeurl@~1.0.2:
  version "1.0.2"
  resolved "https://registry.npmjs.org/encodeurl/-/encodeurl-1.0.2.tgz"

entities@^2.0.0:
  version "2.2.0"
  resolved "https://registry.npmjs.org/entities/-/entities-2.2.0.tgz"

escape-html@~1.0.3:
  version "1.0.3"
  resolved "https://registry.npmjs.org/escape-html/-/escape-html-1.0.3.tgz"

esprima@^4.0.0:
  version "4.0.1"
  resolved "https://registry.npmjs.org/esprima/-/esprima-4.0.1.tgz"

etag@~1.8.1:
  version "1.8.1"
  resolved "https://registry.npmjs.org/etag/-/etag-1.8.1.tgz"

fill-range@^7.0.1:
  version "7.0.1"
  resolved "https://registry.npmjs.org/fill-range/-/fill-range-7.0.1.tgz"
  dependencies:
    to-regex-range "^5.0.1"

finalhandler@1.1.2:
  version "1.1.2"
  resolved "https://registry.npmjs.org/finalhandler/-/finalhandler-1.1.2.tgz"
  dependencies:
    debug "2.6.9"
    encodeurl "~1.0.2"
    escape-html "~1.0.3"
    on-finished "~2.3.0"
    parseurl "~1.3.3"
    statuses "~1.5.0"
    unpipe "~1.0.0"

fresh@0.5.2:
  version "0.5.2"
  resolved "https://registry.npmjs.org/fresh/-/fresh-0.5.2.tgz"

fs.realpath@^1.0.0:
  version "1.0.0"
  resolved "https://registry.npmjs.org/fs.realpath/-/fs.realpath-1.0.0.tgz"

fsevents@~2.3.1:
  version "2.3.2"
  resolved "https://registry.yarnpkg.com/fsevents/-/fsevents-2.3.2.tgz#8a526f78b8fdf4623b709e0b975c52c24c02fd1a"

function-bind@^1.1.1:
  version "1.1.1"
  resolved "https://registry.npmjs.org/function-bind/-/function-bind-1.1.1.tgz"

get-stdin@^4.0.1:
  version "4.0.1"
  resolved "https://registry.npmjs.org/get-stdin/-/get-stdin-4.0.1.tgz"

glob-parent@~5.1.0:
  version "5.1.2"
  resolved "https://registry.npmjs.org/glob-parent/-/glob-parent-5.1.2.tgz"
  dependencies:
    is-glob "^4.0.1"

glob@7.0.x:
  version "7.0.6"
  resolved "https://registry.npmjs.org/glob/-/glob-7.0.6.tgz"
  dependencies:
    fs.realpath "^1.0.0"
    inflight "^1.0.4"
    inherits "2"
    minimatch "^3.0.2"
    once "^1.3.0"
    path-is-absolute "^1.0.0"

glob@^7.1.6:
  version "7.1.7"
  resolved "https://registry.npmjs.org/glob/-/glob-7.1.7.tgz"
  dependencies:
    fs.realpath "^1.0.0"
    inflight "^1.0.4"
    inherits "2"
    minimatch "^3.0.4"
    once "^1.3.0"
    path-is-absolute "^1.0.0"

good-listener@^1.2.2:
  version "1.2.2"
  resolved "https://registry.npmjs.org/good-listener/-/good-listener-1.2.2.tgz"
  dependencies:
    delegate "^3.1.2"

graceful-fs@^4.1.11, graceful-fs@^4.1.3:
  version "4.2.6"
  resolved "https://registry.npmjs.org/graceful-fs/-/graceful-fs-4.2.6.tgz"

has-flag@^4.0.0:
  version "4.0.0"
  resolved "https://registry.npmjs.org/has-flag/-/has-flag-4.0.0.tgz"

has@^1.0.3:
  version "1.0.3"
  resolved "https://registry.npmjs.org/has/-/has-1.0.3.tgz"
  dependencies:
    function-bind "^1.1.1"

heap@^0.2.6:
  version "0.2.7"
  resolved "https://registry.yarnpkg.com/heap/-/heap-0.2.7.tgz#1e6adf711d3f27ce35a81fe3b7bd576c2260a8fc"

hexo-cli@^4.0.0:
  version "4.2.0"
  resolved "https://registry.npmjs.org/hexo-cli/-/hexo-cli-4.2.0.tgz"
  dependencies:
    abbrev "^1.1.1"
    bluebird "^3.5.5"
    chalk "^4.0.0"
    command-exists "^1.2.8"
    hexo-fs "^3.0.1"
    hexo-log "^2.0.0"
    hexo-util "^2.0.0"
    minimist "^1.2.5"
    resolve "^1.11.0"
    tildify "^2.0.0"

hexo-filter-flowchart@^1.0.4:
  version "1.0.4"
  resolved "https://registry.npmjs.org/hexo-filter-flowchart/-/hexo-filter-flowchart-1.0.4.tgz"
  dependencies:
    deep-assign "^2.0.0"

hexo-filter-mermaid-diagrams@^1.0.5:
  version "1.0.5"
  resolved "https://registry.npmjs.org/hexo-filter-mermaid-diagrams/-/hexo-filter-mermaid-diagrams-1.0.5.tgz"
  dependencies:
    deep-assign "^2.0.0"

hexo-front-matter@^2.0.0:
  version "2.0.0"
  resolved "https://registry.npmjs.org/hexo-front-matter/-/hexo-front-matter-2.0.0.tgz"
  dependencies:
    js-yaml "^3.13.1"

hexo-fs@^3.0.1, hexo-fs@^3.1.0:
  version "3.1.0"
  resolved "https://registry.npmjs.org/hexo-fs/-/hexo-fs-3.1.0.tgz"
  dependencies:
    bluebird "^3.5.1"
    chokidar "^3.0.0"
    graceful-fs "^4.1.11"
    hexo-util "^2.0.0"

hexo-generator-archive@^1.0.0:
  version "1.0.0"
  resolved "https://registry.npmjs.org/hexo-generator-archive/-/hexo-generator-archive-1.0.0.tgz"
  dependencies:
    hexo-pagination "1.0.0"

hexo-generator-category@^1.0.0:
  version "1.0.0"
  resolved "https://registry.npmjs.org/hexo-generator-category/-/hexo-generator-category-1.0.0.tgz"
  dependencies:
    hexo-pagination "1.0.0"

hexo-generator-index@^2.0.0:
  version "2.0.0"
  resolved "https://registry.npmjs.org/hexo-generator-index/-/hexo-generator-index-2.0.0.tgz"
  dependencies:
    hexo-pagination "1.0.0"
    timsort "^0.3.0"

hexo-generator-tag@^1.0.0:
  version "1.0.0"
  resolved "https://registry.npmjs.org/hexo-generator-tag/-/hexo-generator-tag-1.0.0.tgz"
  dependencies:
    hexo-pagination "1.0.0"

hexo-i18n@^1.0.0:
  version "1.0.0"
  resolved "https://registry.npmjs.org/hexo-i18n/-/hexo-i18n-1.0.0.tgz"
  dependencies:
    sprintf-js "^1.0.3"

hexo-log@^2.0.0:
  version "2.0.0"
  resolved "https://registry.npmjs.org/hexo-log/-/hexo-log-2.0.0.tgz"
  dependencies:
    chalk "^4.0.0"

hexo-pagination@1.0.0:
  version "1.0.0"
  resolved "https://registry.npmjs.org/hexo-pagination/-/hexo-pagination-1.0.0.tgz"

hexo-renderer-ejs@^1.0.0:
  version "1.0.0"
  resolved "https://registry.npmjs.org/hexo-renderer-ejs/-/hexo-renderer-ejs-1.0.0.tgz"
  dependencies:
    ejs "^2.6.1"

hexo-renderer-kramed@^0.1.4:
  version "0.1.4"
  resolved "https://registry.npmjs.org/hexo-renderer-kramed/-/hexo-renderer-kramed-0.1.4.tgz"
  dependencies:
    hexo-util "^0.6.0"
    kramed "^0.5.6"
    object-assign "^4.1.0"
    strip-indent "^1.0.1"

hexo-renderer-mathjax@^0.6.0:
  version "0.6.0"
  resolved "https://registry.npmjs.org/hexo-renderer-mathjax/-/hexo-renderer-mathjax-0.6.0.tgz"
  dependencies:
    ejs "^1.0.0"

hexo-renderer-stylus@^2.0.0:
  version "2.0.1"
  resolved "https://registry.npmjs.org/hexo-renderer-stylus/-/hexo-renderer-stylus-2.0.1.tgz"
  dependencies:
    nib "^1.1.2"
    stylus "^0.54.8"

hexo-server@^2.0.0:
  version "2.0.0"
  resolved "https://registry.npmjs.org/hexo-server/-/hexo-server-2.0.0.tgz"
  dependencies:
    bluebird "^3.5.5"
    chalk "^4.0.0"
    compression "^1.7.4"
    connect "^3.7.0"
    mime "^2.4.3"
    morgan "^1.9.1"
    open "^7.0.0"
    serve-static "^1.14.1"

hexo-theme-landscape@^0.0.3:
  version "0.0.3"
  resolved "https://registry.npmjs.org/hexo-theme-landscape/-/hexo-theme-landscape-0.0.3.tgz"

hexo-theme-volantis@^4.3.1:
  version "4.3.1"
  resolved "https://registry.npmjs.org/hexo-theme-volantis/-/hexo-theme-volantis-4.3.1.tgz"

hexo-util@^0.6.0:
  version "0.6.3"
  resolved "https://registry.npmjs.org/hexo-util/-/hexo-util-0.6.3.tgz"
  dependencies:
    bluebird "^3.4.0"
    camel-case "^3.0.0"
    cross-spawn "^4.0.0"
    highlight.js "^9.4.0"
    html-entities "^1.2.0"
    striptags "^2.1.1"

hexo-util@^2.0.0, hexo-util@^2.4.0:
  version "2.5.0"
  resolved "https://registry.npmjs.org/hexo-util/-/hexo-util-2.5.0.tgz"
  dependencies:
    bluebird "^3.5.2"
    camel-case "^4.0.0"
    cross-spawn "^7.0.0"
    deepmerge "^4.2.2"
    highlight.js "^10.7.1"
    htmlparser2 "^6.0.0"
    prismjs "^1.17.1"
    strip-indent "^3.0.0"

hexo@^5.0.0:
  version "5.4.0"
  resolved "https://registry.npmjs.org/hexo/-/hexo-5.4.0.tgz"
  dependencies:
    abbrev "^1.1.1"
    archy "^1.0.0"
    bluebird "^3.5.2"
    chalk "^4.0.0"
    hexo-cli "^4.0.0"
    hexo-front-matter "^2.0.0"
    hexo-fs "^3.1.0"
    hexo-i18n "^1.0.0"
    hexo-log "^2.0.0"
    hexo-util "^2.4.0"
    js-yaml "^4.0.0"
    micromatch "^4.0.2"
    moment "^2.22.2"
    moment-timezone "^0.5.21"
    nunjucks "^3.2.1"
    pretty-hrtime "^1.0.3"
    resolve "^1.8.1"
    strip-ansi "^6.0.0"
    text-table "^0.2.0"
    tildify "^2.0.0"
    titlecase "^1.1.2"
    warehouse "^4.0.0"

highlight.js@^10.7.1:
  version "10.7.2"
  resolved "https://registry.npmjs.org/highlight.js/-/highlight.js-10.7.2.tgz"

highlight.js@^9.4.0:
  version "9.18.5"
  resolved "https://registry.npmjs.org/highlight.js/-/highlight.js-9.18.5.tgz"

html-entities@^1.2.0:
  version "1.4.0"
  resolved "https://registry.npmjs.org/html-entities/-/html-entities-1.4.0.tgz"

htmlparser2@^6.0.0:
  version "6.1.0"
  resolved "https://registry.npmjs.org/htmlparser2/-/htmlparser2-6.1.0.tgz"
  dependencies:
    domelementtype "^2.0.1"
    domhandler "^4.0.0"
    domutils "^2.5.2"
    entities "^2.0.0"

http-errors@~1.7.2:
  version "1.7.3"
  resolved "https://registry.npmjs.org/http-errors/-/http-errors-1.7.3.tgz"
  dependencies:
    depd "~1.1.2"
    inherits "2.0.4"
    setprototypeof "1.1.1"
    statuses ">= 1.5.0 < 2"
    toidentifier "1.0.0"

iconv-lite@0.6:
  version "0.6.3"
  resolved "https://registry.yarnpkg.com/iconv-lite/-/iconv-lite-0.6.3.tgz#a52f80bf38da1952eb5c681790719871a1a72501"
  dependencies:
    safer-buffer ">= 2.1.2 < 3.0.0"

inflight@^1.0.4:
  version "1.0.6"
  resolved "https://registry.npmjs.org/inflight/-/inflight-1.0.6.tgz"
  dependencies:
    once "^1.3.0"
    wrappy "1"

inherits@2, inherits@2.0.4, inherits@^2.0.3:
  version "2.0.4"
  resolved "https://registry.npmjs.org/inherits/-/inherits-2.0.4.tgz"

"internmap@1 - 2":
  version "2.0.3"
  resolved "https://registry.yarnpkg.com/internmap/-/internmap-2.0.3.tgz#6685f23755e43c524e251d29cbc97248e3061009"

is-binary-path@~2.1.0:
  version "2.1.0"
  resolved "https://registry.npmjs.org/is-binary-path/-/is-binary-path-2.1.0.tgz"
  dependencies:
    binary-extensions "^2.0.0"

is-core-module@^2.2.0:
  version "2.4.0"
  resolved "https://registry.npmjs.org/is-core-module/-/is-core-module-2.4.0.tgz"
  dependencies:
    has "^1.0.3"

is-docker@^2.0.0:
  version "2.2.1"
  resolved "https://registry.npmjs.org/is-docker/-/is-docker-2.2.1.tgz"

is-extglob@^2.1.1:
  version "2.1.1"
  resolved "https://registry.npmjs.org/is-extglob/-/is-extglob-2.1.1.tgz"

is-glob@^4.0.1, is-glob@~4.0.1:
  version "4.0.1"
  resolved "https://registry.npmjs.org/is-glob/-/is-glob-4.0.1.tgz"
  dependencies:
    is-extglob "^2.1.1"

is-number@^7.0.0:
  version "7.0.0"
  resolved "https://registry.npmjs.org/is-number/-/is-number-7.0.0.tgz"

is-obj@^1.0.0:
  version "1.0.1"
  resolved "https://registry.npmjs.org/is-obj/-/is-obj-1.0.1.tgz"

is-plain-object@^3.0.0:
  version "3.0.1"
  resolved "https://registry.npmjs.org/is-plain-object/-/is-plain-object-3.0.1.tgz"

is-wsl@^2.1.1:
  version "2.2.0"
  resolved "https://registry.npmjs.org/is-wsl/-/is-wsl-2.2.0.tgz"
  dependencies:
    is-docker "^2.0.0"

isexe@^2.0.0:
  version "2.0.0"
  resolved "https://registry.npmjs.org/isexe/-/isexe-2.0.0.tgz"

js-yaml@^3.13.1:
  version "3.14.1"
  resolved "https://registry.npmjs.org/js-yaml/-/js-yaml-3.14.1.tgz"
  dependencies:
    argparse "^1.0.7"
    esprima "^4.0.0"

js-yaml@^4.0.0:
  version "4.1.0"
  resolved "https://registry.npmjs.org/js-yaml/-/js-yaml-4.1.0.tgz"
  dependencies:
    argparse "^2.0.1"

jsonparse@^1.2.0:
  version "1.3.1"
  resolved "https://registry.npmjs.org/jsonparse/-/jsonparse-1.3.1.tgz"

khroma@^2.0.0:
  version "2.0.0"
  resolved "https://registry.yarnpkg.com/khroma/-/khroma-2.0.0.tgz#7577de98aed9f36c7a474c4d453d94c0d6c6588b"

kramed@^0.5.6:
  version "0.5.6"
  resolved "https://registry.npmjs.org/kramed/-/kramed-0.5.6.tgz"

layout-base@^1.0.0:
  version "1.0.2"
  resolved "https://registry.yarnpkg.com/layout-base/-/layout-base-1.0.2.tgz#1291e296883c322a9dd4c5dd82063721b53e26e2"

layout-base@^2.0.0:
  version "2.0.1"
  resolved "https://registry.yarnpkg.com/layout-base/-/layout-base-2.0.1.tgz#d0337913586c90f9c2c075292069f5c2da5dd285"

lodash-es@^4.17.21:
  version "4.17.21"
  resolved "https://registry.yarnpkg.com/lodash-es/-/lodash-es-4.17.21.tgz#43e626c46e6591b7750beb2b50117390c609e3ee"

lodash@^4.17.21:
  version "4.17.21"
  resolved "https://registry.yarnpkg.com/lodash/-/lodash-4.17.21.tgz#679591c564c3bffaae8454cf0b3df370c3d6911c"

lower-case@^1.1.1:
  version "1.1.4"
  resolved "https://registry.npmjs.org/lower-case/-/lower-case-1.1.4.tgz"

lower-case@^2.0.2:
  version "2.0.2"
  resolved "https://registry.npmjs.org/lower-case/-/lower-case-2.0.2.tgz"
  dependencies:
    tslib "^2.0.3"

lru-cache@^4.0.1:
  version "4.1.5"
  resolved "https://registry.npmjs.org/lru-cache/-/lru-cache-4.1.5.tgz"
  dependencies:
    pseudomap "^1.0.2"
    yallist "^2.1.2"

mermaid@^10.0.0:
  version "10.0.0"
  resolved "https://registry.yarnpkg.com/mermaid/-/mermaid-10.0.0.tgz#6f7ae2eda0ab221089dc1eb166938203f2a7b04d"
  dependencies:
    "@braintree/sanitize-url" "^6.0.0"
    cytoscape "^3.23.0"
    cytoscape-cose-bilkent "^4.1.0"
    cytoscape-fcose "^2.1.0"
    d3 "^7.4.0"
    dagre-d3-es "7.0.8"
    dompurify "2.4.3"
    elkjs "^0.8.2"
    khroma "^2.0.0"
    lodash-es "^4.17.21"
    moment-mini "^2.29.4"
    non-layered-tidy-tree-layout "^2.0.2"
    stylis "^4.1.2"
    ts-dedent "^2.2.0"
    uuid "^9.0.0"
    web-worker "^1.2.0"

micromatch@^4.0.2:
  version "4.0.4"
  resolved "https://registry.npmjs.org/micromatch/-/micromatch-4.0.4.tgz"
  dependencies:
    braces "^3.0.1"
    picomatch "^2.2.3"

mime-db@1.47.0, "mime-db@>= 1.43.0 < 2":
  version "1.47.0"
  resolved "https://registry.npmjs.org/mime-db/-/mime-db-1.47.0.tgz"

mime-types@~2.1.24:
  version "2.1.30"
  resolved "https://registry.npmjs.org/mime-types/-/mime-types-2.1.30.tgz"
  dependencies:
    mime-db "1.47.0"

mime@1.6.0:
  version "1.6.0"
  resolved "https://registry.npmjs.org/mime/-/mime-1.6.0.tgz"

mime@^2.4.3:
  version "2.5.2"
  resolved "https://registry.npmjs.org/mime/-/mime-2.5.2.tgz"

min-indent@^1.0.0:
  version "1.0.1"
  resolved "https://registry.npmjs.org/min-indent/-/min-indent-1.0.1.tgz"

minimatch@^3.0.2, minimatch@^3.0.4:
  version "3.0.4"
  resolved "https://registry.npmjs.org/minimatch/-/minimatch-3.0.4.tgz"
  dependencies:
    brace-expansion "^1.1.7"

minimist@^1.2.5:
  version "1.2.5"
  resolved "https://registry.npmjs.org/minimist/-/minimist-1.2.5.tgz"

mkdirp@0.5.x:
  version "0.5.5"
  resolved "https://registry.npmjs.org/mkdirp/-/mkdirp-0.5.5.tgz"
  dependencies:
    minimist "^1.2.5"

mkdirp@~1.0.4:
  version "1.0.4"
  resolved "https://registry.npmjs.org/mkdirp/-/mkdirp-1.0.4.tgz"

moment-mini@^2.29.4:
  version "2.29.4"
  resolved "https://registry.yarnpkg.com/moment-mini/-/moment-mini-2.29.4.tgz#cbbcdc58ce1b267506f28ea6668dbe060a32758f"

moment-timezone@^0.5.21:
  version "0.5.33"
  resolved "https://registry.npmjs.org/moment-timezone/-/moment-timezone-0.5.33.tgz"
  dependencies:
    moment ">= 2.9.0"

"moment@>= 2.9.0", moment@^2.22.2:
  version "2.29.1"
  resolved "https://registry.npmjs.org/moment/-/moment-2.29.1.tgz"

morgan@^1.9.1:
  version "1.10.0"
  resolved "https://registry.npmjs.org/morgan/-/morgan-1.10.0.tgz"
  dependencies:
    basic-auth "~2.0.1"
    debug "2.6.9"
    depd "~2.0.0"
    on-finished "~2.3.0"
    on-headers "~1.0.2"

ms@2.0.0:
  version "2.0.0"
  resolved "https://registry.npmjs.org/ms/-/ms-2.0.0.tgz"

ms@2.1.1:
  version "2.1.1"
  resolved "https://registry.npmjs.org/ms/-/ms-2.1.1.tgz"

negotiator@0.6.2:
  version "0.6.2"
  resolved "https://registry.npmjs.org/negotiator/-/negotiator-0.6.2.tgz"

nib@^1.1.2:
  version "1.1.2"
  resolved "https://registry.npmjs.org/nib/-/nib-1.1.2.tgz"
  dependencies:
    stylus "0.54.5"

no-case@^2.2.0:
  version "2.3.2"
  resolved "https://registry.npmjs.org/no-case/-/no-case-2.3.2.tgz"
  dependencies:
    lower-case "^1.1.1"

no-case@^3.0.4:
  version "3.0.4"
  resolved "https://registry.npmjs.org/no-case/-/no-case-3.0.4.tgz"
  dependencies:
    lower-case "^2.0.2"
    tslib "^2.0.3"

non-layered-tidy-tree-layout@^2.0.2:
  version "2.0.2"
  resolved "https://registry.yarnpkg.com/non-layered-tidy-tree-layout/-/non-layered-tidy-tree-layout-2.0.2.tgz#57d35d13c356643fc296a55fb11ac15e74da7804"

normalize-path@^3.0.0, normalize-path@~3.0.0:
  version "3.0.0"
  resolved "https://registry.npmjs.org/normalize-path/-/normalize-path-3.0.0.tgz"

nunjucks@^3.2.1:
  version "3.2.3"
  resolved "https://registry.npmjs.org/nunjucks/-/nunjucks-3.2.3.tgz"
  dependencies:
    a-sync-waterfall "^1.0.0"
    asap "^2.0.3"
    commander "^5.1.0"

object-assign@^4.1.0:
  version "4.1.1"
  resolved "https://registry.npmjs.org/object-assign/-/object-assign-4.1.1.tgz"

on-finished@~2.3.0:
  version "2.3.0"
  resolved "https://registry.npmjs.org/on-finished/-/on-finished-2.3.0.tgz"
  dependencies:
    ee-first "1.1.1"

on-headers@~1.0.2:
  version "1.0.2"
  resolved "https://registry.npmjs.org/on-headers/-/on-headers-1.0.2.tgz"

once@^1.3.0:
  version "1.4.0"
  resolved "https://registry.npmjs.org/once/-/once-1.4.0.tgz"
  dependencies:
    wrappy "1"

open@^7.0.0:
  version "7.4.2"
  resolved "https://registry.npmjs.org/open/-/open-7.4.2.tgz"
  dependencies:
    is-docker "^2.0.0"
    is-wsl "^2.1.1"

parseurl@~1.3.3:
  version "1.3.3"
  resolved "https://registry.npmjs.org/parseurl/-/parseurl-1.3.3.tgz"

pascal-case@^3.1.2:
  version "3.1.2"
  resolved "https://registry.npmjs.org/pascal-case/-/pascal-case-3.1.2.tgz"
  dependencies:
    no-case "^3.0.4"
    tslib "^2.0.3"

path-is-absolute@^1.0.0:
  version "1.0.1"
  resolved "https://registry.npmjs.org/path-is-absolute/-/path-is-absolute-1.0.1.tgz"

path-key@^3.1.0:
  version "3.1.1"
  resolved "https://registry.npmjs.org/path-key/-/path-key-3.1.1.tgz"

path-parse@^1.0.6:
  version "1.0.6"
  resolved "https://registry.npmjs.org/path-parse/-/path-parse-1.0.6.tgz"

picomatch@^2.0.4, picomatch@^2.2.1, picomatch@^2.2.3:
  version "2.2.3"
  resolved "https://registry.npmjs.org/picomatch/-/picomatch-2.2.3.tgz"

pretty-hrtime@^1.0.3:
  version "1.0.3"
  resolved "https://registry.npmjs.org/pretty-hrtime/-/pretty-hrtime-1.0.3.tgz"

prismjs@^1.17.1:
  version "1.23.0"
  resolved "https://registry.npmjs.org/prismjs/-/prismjs-1.23.0.tgz"
  optionalDependencies:
    clipboard "^2.0.0"

pseudomap@^1.0.2:
  version "1.0.2"
  resolved "https://registry.npmjs.org/pseudomap/-/pseudomap-1.0.2.tgz"

range-parser@~1.2.1:
  version "1.2.1"
  resolved "https://registry.npmjs.org/range-parser/-/range-parser-1.2.1.tgz"

readdirp@~3.5.0:
  version "3.5.0"
  resolved "https://registry.npmjs.org/readdirp/-/readdirp-3.5.0.tgz"
  dependencies:
    picomatch "^2.2.1"

resolve-url@^0.2.1:
  version "0.2.1"
  resolved "https://registry.npmjs.org/resolve-url/-/resolve-url-0.2.1.tgz"

resolve@^1.11.0, resolve@^1.8.1:
  version "1.20.0"
  resolved "https://registry.npmjs.org/resolve/-/resolve-1.20.0.tgz"
  dependencies:
    is-core-module "^2.2.0"
    path-parse "^1.0.6"

rfdc@^1.1.4:
  version "1.3.0"
  resolved "https://registry.npmjs.org/rfdc/-/rfdc-1.3.0.tgz"

robust-predicates@^3.0.0:
  version "3.0.1"
  resolved "https://registry.yarnpkg.com/robust-predicates/-/robust-predicates-3.0.1.tgz#ecde075044f7f30118682bd9fb3f123109577f9a"

rw@1:
  version "1.3.3"
  resolved "https://registry.npmjs.org/rw/-/rw-1.3.3.tgz"

safe-buffer@5.1.2:
  version "5.1.2"
  resolved "https://registry.npmjs.org/safe-buffer/-/safe-buffer-5.1.2.tgz"

"safer-buffer@>= 2.1.2 < 3.0.0", safer-buffer@^2.1.2:
  version "2.1.2"
  resolved "https://registry.npmjs.org/safer-buffer/-/safer-buffer-2.1.2.tgz"

sax@0.5.x:
  version "0.5.8"
  resolved "https://registry.npmjs.org/sax/-/sax-0.5.8.tgz"

sax@~1.2.4:
  version "1.2.4"
  resolved "https://registry.npmjs.org/sax/-/sax-1.2.4.tgz"

select@^1.1.2:
  version "1.1.2"
  resolved "https://registry.npmjs.org/select/-/select-1.1.2.tgz"

semver@^6.3.0:
  version "6.3.0"
  resolved "https://registry.npmjs.org/semver/-/semver-6.3.0.tgz"

send@0.17.1:
  version "0.17.1"
  resolved "https://registry.npmjs.org/send/-/send-0.17.1.tgz"
  dependencies:
    debug "2.6.9"
    depd "~1.1.2"
    destroy "~1.0.4"
    encodeurl "~1.0.2"
    escape-html "~1.0.3"
    etag "~1.8.1"
    fresh "0.5.2"
    http-errors "~1.7.2"
    mime "1.6.0"
    ms "2.1.1"
    on-finished "~2.3.0"
    range-parser "~1.2.1"
    statuses "~1.5.0"

serve-static@^1.14.1:
  version "1.14.1"
  resolved "https://registry.npmjs.org/serve-static/-/serve-static-1.14.1.tgz"
  dependencies:
    encodeurl "~1.0.2"
    escape-html "~1.0.3"
    parseurl "~1.3.3"
    send "0.17.1"

setprototypeof@1.1.1:
  version "1.1.1"
  resolved "https://registry.npmjs.org/setprototypeof/-/setprototypeof-1.1.1.tgz"

shebang-command@^2.0.0:
  version "2.0.0"
  resolved "https://registry.npmjs.org/shebang-command/-/shebang-command-2.0.0.tgz"
  dependencies:
    shebang-regex "^3.0.0"

shebang-regex@^3.0.0:
  version "3.0.0"
  resolved "https://registry.npmjs.org/shebang-regex/-/shebang-regex-3.0.0.tgz"

source-map-resolve@^0.5.2:
  version "0.5.3"
  resolved "https://registry.npmjs.org/source-map-resolve/-/source-map-resolve-0.5.3.tgz"
  dependencies:
    atob "^2.1.2"
    decode-uri-component "^0.2.0"
    resolve-url "^0.2.1"
    source-map-url "^0.4.0"
    urix "^0.1.0"

source-map-url@^0.4.0:
  version "0.4.1"
  resolved "https://registry.npmjs.org/source-map-url/-/source-map-url-0.4.1.tgz"

source-map@0.1.x:
  version "0.1.43"
  resolved "https://registry.npmjs.org/source-map/-/source-map-0.1.43.tgz"
  dependencies:
    amdefine ">=0.0.4"

source-map@^0.6.1:
  version "0.6.1"
  resolved "https://registry.npmjs.org/source-map/-/source-map-0.6.1.tgz"

source-map@^0.7.3:
  version "0.7.3"
  resolved "https://registry.npmjs.org/source-map/-/source-map-0.7.3.tgz"

sprintf-js@^1.0.3:
  version "1.1.2"
  resolved "https://registry.npmjs.org/sprintf-js/-/sprintf-js-1.1.2.tgz"

sprintf-js@~1.0.2:
  version "1.0.3"
  resolved "https://registry.npmjs.org/sprintf-js/-/sprintf-js-1.0.3.tgz"

"statuses@>= 1.5.0 < 2", statuses@~1.5.0:
  version "1.5.0"
  resolved "https://registry.npmjs.org/statuses/-/statuses-1.5.0.tgz"

strip-ansi@^6.0.0:
  version "6.0.0"
  resolved "https://registry.npmjs.org/strip-ansi/-/strip-ansi-6.0.0.tgz"
  dependencies:
    ansi-regex "^5.0.0"

strip-indent@^1.0.1:
  version "1.0.1"
  resolved "https://registry.npmjs.org/strip-indent/-/strip-indent-1.0.1.tgz"
  dependencies:
    get-stdin "^4.0.1"

strip-indent@^3.0.0:
  version "3.0.0"
  resolved "https://registry.npmjs.org/strip-indent/-/strip-indent-3.0.0.tgz"
  dependencies:
    min-indent "^1.0.0"

striptags@^2.1.1:
  version "2.2.1"
  resolved "https://registry.npmjs.org/striptags/-/striptags-2.2.1.tgz"

stylis@^4.1.2:
  version "4.1.3"
  resolved "https://registry.yarnpkg.com/stylis/-/stylis-4.1.3.tgz#fd2fbe79f5fed17c55269e16ed8da14c84d069f7"

stylus@0.54.5:
  version "0.54.5"
  resolved "https://registry.npmjs.org/stylus/-/stylus-0.54.5.tgz"
  dependencies:
    css-parse "1.7.x"
    debug "*"
    glob "7.0.x"
    mkdirp "0.5.x"
    sax "0.5.x"
    source-map "0.1.x"

stylus@^0.54.8:
  version "0.54.8"
  resolved "https://registry.npmjs.org/stylus/-/stylus-0.54.8.tgz"
  dependencies:
    css-parse "~2.0.0"
    debug "~3.1.0"
    glob "^7.1.6"
    mkdirp "~1.0.4"
    safer-buffer "^2.1.2"
    sax "~1.2.4"
    semver "^6.3.0"
    source-map "^0.7.3"

supports-color@^7.1.0:
  version "7.2.0"
  resolved "https://registry.npmjs.org/supports-color/-/supports-color-7.2.0.tgz"
  dependencies:
    has-flag "^4.0.0"

text-table@^0.2.0:
  version "0.2.0"
  resolved "https://registry.npmjs.org/text-table/-/text-table-0.2.0.tgz"

"through@>=2.2.7 <3":
  version "2.3.8"
  resolved "https://registry.npmjs.org/through/-/through-2.3.8.tgz"

tildify@^2.0.0:
  version "2.0.0"
  resolved "https://registry.npmjs.org/tildify/-/tildify-2.0.0.tgz"

timsort@^0.3.0:
  version "0.3.0"
  resolved "https://registry.npmjs.org/timsort/-/timsort-0.3.0.tgz"

tiny-emitter@^2.0.0:
  version "2.1.0"
  resolved "https://registry.npmjs.org/tiny-emitter/-/tiny-emitter-2.1.0.tgz"

titlecase@^1.1.2:
  version "1.1.3"
  resolved "https://registry.npmjs.org/titlecase/-/titlecase-1.1.3.tgz"

to-regex-range@^5.0.1:
  version "5.0.1"
  resolved "https://registry.npmjs.org/to-regex-range/-/to-regex-range-5.0.1.tgz"
  dependencies:
    is-number "^7.0.0"

toidentifier@1.0.0:
  version "1.0.0"
  resolved "https://registry.npmjs.org/toidentifier/-/toidentifier-1.0.0.tgz"

ts-dedent@^2.2.0:
  version "2.2.0"
  resolved "https://registry.yarnpkg.com/ts-dedent/-/ts-dedent-2.2.0.tgz#39e4bd297cd036292ae2394eb3412be63f563bb5"

tslib@^2.0.3:
  version "2.2.0"
  resolved "https://registry.npmjs.org/tslib/-/tslib-2.2.0.tgz"

unpipe@~1.0.0:
  version "1.0.0"
  resolved "https://registry.npmjs.org/unpipe/-/unpipe-1.0.0.tgz"

upper-case@^1.1.1:
  version "1.1.3"
  resolved "https://registry.npmjs.org/upper-case/-/upper-case-1.1.3.tgz"

urix@^0.1.0:
  version "0.1.0"
  resolved "https://registry.npmjs.org/urix/-/urix-0.1.0.tgz"

utils-merge@1.0.1:
  version "1.0.1"
  resolved "https://registry.npmjs.org/utils-merge/-/utils-merge-1.0.1.tgz"

uuid@^9.0.0:
  version "9.0.0"
  resolved "https://registry.yarnpkg.com/uuid/-/uuid-9.0.0.tgz#592f550650024a38ceb0c562f2f6aa435761efb5"

vary@~1.1.2:
  version "1.1.2"
  resolved "https://registry.npmjs.org/vary/-/vary-1.1.2.tgz"

warehouse@^4.0.0:
  version "4.0.0"
  resolved "https://registry.npmjs.org/warehouse/-/warehouse-4.0.0.tgz"
  dependencies:
    JSONStream "^1.0.7"
    bluebird "^3.2.2"
    cuid "^2.1.4"
    graceful-fs "^4.1.3"
    is-plain-object "^3.0.0"
    rfdc "^1.1.4"

web-worker@^1.2.0:
  version "1.2.0"
  resolved "https://registry.yarnpkg.com/web-worker/-/web-worker-1.2.0.tgz#5d85a04a7fbc1e7db58f66595d7a3ac7c9c180da"

which@^1.2.9:
  version "1.3.1"
  resolved "https://registry.npmjs.org/which/-/which-1.3.1.tgz"
  dependencies:
    isexe "^2.0.0"

which@^2.0.1:
  version "2.0.2"
  resolved "https://registry.npmjs.org/which/-/which-2.0.2.tgz"
  dependencies:
    isexe "^2.0.0"

wrappy@1:
  version "1.0.2"
  resolved "https://registry.npmjs.org/wrappy/-/wrappy-1.0.2.tgz"

yallist@^2.1.2:
  version "2.1.2"
  resolved "https://registry.npmjs.org/yallist/-/yallist-2.1.2.tgz"
